
Microsoft Visual Studio Solution File, Format Version 11.00
# Visual Studio 2010
Project("{F184B08F-C81C-45F6-A57F-5ABD9991F28F}") = "UAS_TEK_GAME_HVFUN", "UAS_TEK_GAME_HVFUN\UAS_TEK_GAME_HVFUN.vbproj", "{B24D7BF0-4AF6-421B-90AE-86C1E1F01E1D}"
EndProject
Global
	GlobalSection(SolutionConfigurationPlatforms) = preSolution
		Debug|x86 = Debug|x86
		Release|x86 = Release|x86
	EndGlobalSection
	GlobalSection(ProjectConfigurationPlatforms) = postSolution
		{B24D7BF0-4AF6-421B-90AE-86C1E1F01E1D}.Debug|x86.ActiveCfg = Debug|x86
		{B24D7BF0-4AF6-421B-90AE-86C1E1F01E1D}.Debug|x86.Build.0 = Debug|x86
		{B24D7BF0-4AF6-421B-90AE-86C1E1F01E1D}.Release|x86.ActiveCfg = Release|x86
		{B24D7BF0-4AF6-421B-90AE-86C1E1F01E1D}.Release|x86.Build.0 = Release|x86
	EndGlobalSection
	GlobalSection(SolutionProperties) = preSolution
		HideSolutionNode = FALSE
	EndGlobalSection
EndGlobal
